
Microsoft Visual Studio Solution File, Format Version 12.00
# Visual Studio 14
VisualStudioVersion = 14.0.25420.1
MinimumVisualStudioVersion = 10.0.40219.1
Project("{FAE04EC0-301F-11D3-BF4B-00C04F79EFBC}") = "WebApp", "WebApp\WebApp.csproj", "{454CC279-0FAE-4765-AA78-9CC7665C5268}"
EndProject
Project("{FAE04EC0-301F-11D3-BF4B-00C04F79EFBC}") = "WebApp.Tests", "WebApp.Tests\WebApp.Tests.csproj", "{3CB0D527-A930-4B1C-986A-CD1B981998DE}"
EndProject
Project("{FAE04EC0-301F-11D3-BF4B-00C04F79EFBC}") = "MyAppService", "MyAppService\MyAppService.csproj", "{C380457C-9445-45CD-A2E3-4EC15E63D1DB}"
EndProject
Global
	GlobalSection(SolutionConfigurationPlatforms) = preSolution
		Debug|Any CPU = Debug|Any CPU
		Release|Any CPU = Release|Any CPU
	EndGlobalSection
	GlobalSection(ProjectConfigurationPlatforms) = postSolution
		{454CC279-0FAE-4765-AA78-9CC7665C5268}.Debug|Any CPU.ActiveCfg = Debug|Any CPU
		{454CC279-0FAE-4765-AA78-9CC7665C5268}.Debug|Any CPU.Build.0 = Debug|Any CPU
		{454CC279-0FAE-4765-AA78-9CC7665C5268}.Release|Any CPU.ActiveCfg = Release|Any CPU
		{454CC279-0FAE-4765-AA78-9CC7665C5268}.Release|Any CPU.Build.0 = Release|Any CPU
		{3CB0D527-A930-4B1C-986A-CD1B981998DE}.Debug|Any CPU.ActiveCfg = Debug|Any CPU
		{3CB0D527-A930-4B1C-986A-CD1B981998DE}.Debug|Any CPU.Build.0 = Debug|Any CPU
		{3CB0D527-A930-4B1C-986A-CD1B981998DE}.Release|Any CPU.ActiveCfg = Release|Any CPU
		{3CB0D527-A930-4B1C-986A-CD1B981998DE}.Release|Any CPU.Build.0 = Release|Any CPU
		{C380457C-9445-45CD-A2E3-4EC15E63D1DB}.Debug|Any CPU.ActiveCfg = Debug|Any CPU
		{C380457C-9445-45CD-A2E3-4EC15E63D1DB}.Debug|Any CPU.Build.0 = Debug|Any CPU
		{C380457C-9445-45CD-A2E3-4EC15E63D1DB}.Release|Any CPU.ActiveCfg = Release|Any CPU
		{C380457C-9445-45CD-A2E3-4EC15E63D1DB}.Release|Any CPU.Build.0 = Release|Any CPU
	EndGlobalSection
	GlobalSection(SolutionProperties) = preSolution
		HideSolutionNode = FALSE
	EndGlobalSection
EndGlobal
